
Microsoft Visual Studio Solution File, Format Version 12.00
# Visual Studio Version 17
VisualStudioVersion = 17.8.34322.80
MinimumVisualStudioVersion = 10.0.40219.1
Project("{FAE04EC0-301F-11D3-BF4B-00C04F79EFBC}") = "P33ChatApp", "P33ChatApp\P33ChatApp.csproj", "{1B46D67A-EEBA-488A-976A-DB6C39E6AFB9}"
EndProject
Global
	GlobalSection(SolutionConfigurationPlatforms) = preSolution
		Debug|Any CPU = Debug|Any CPU
		Release|Any CPU = Release|Any CPU
	EndGlobalSection
	GlobalSection(ProjectConfigurationPlatforms) = postSolution
		{1B46D67A-EEBA-488A-976A-DB6C39E6AFB9}.Debug|Any CPU.ActiveCfg = Debug|Any CPU
		{1B46D67A-EEBA-488A-976A-DB6C39E6AFB9}.Debug|Any CPU.Build.0 = Debug|Any CPU
		{1B46D67A-EEBA-488A-976A-DB6C39E6AFB9}.Release|Any CPU.ActiveCfg = Release|Any CPU
		{1B46D67A-EEBA-488A-976A-DB6C39E6AFB9}.Release|Any CPU.Build.0 = Release|Any CPU
	EndGlobalSection
	GlobalSection(SolutionProperties) = preSolution
		HideSolutionNode = FALSE
	EndGlobalSection
	GlobalSection(ExtensibilityGlobals) = postSolution
		SolutionGuid = {F4D93292-3AD2-455F-AE3E-E2A34B54D826}
	EndGlobalSection
EndGlobal
